
Microsoft Visual Studio Solution File, Format Version 12.00
# Visual Studio Version 17
VisualStudioVersion = 17.11.35303.130
MinimumVisualStudioVersion = 10.0.40219.1
Project("{9A19103F-16F7-4668-BE54-9A1E7A4F7556}") = "WineCellar", "WineCellar\WineCellar.csproj", "{6EF511D8-C34C-4463-9056-1C888F8AEE51}"
EndProject
Project("{9A19103F-16F7-4668-BE54-9A1E7A4F7556}") = "Data", "Data\Data.csproj", "{D084ED0A-4B6E-451E-847A-C5588CB5F6DB}"
EndProject
Project("{FAE04EC0-301F-11D3-BF4B-00C04F79EFBC}") = "Services", "Services\Services.csproj", "{48AED59B-7F34-4AD7-B58B-9E1DAA1BB377}"
EndProject
Global
	GlobalSection(SolutionConfigurationPlatforms) = preSolution
		Debug|Any CPU = Debug|Any CPU
		Release|Any CPU = Release|Any CPU
	EndGlobalSection
	GlobalSection(ProjectConfigurationPlatforms) = postSolution
		{6EF511D8-C34C-4463-9056-1C888F8AEE51}.Debug|Any CPU.ActiveCfg = Debug|Any CPU
		{6EF511D8-C34C-4463-9056-1C888F8AEE51}.Debug|Any CPU.Build.0 = Debug|Any CPU
		{6EF511D8-C34C-4463-9056-1C888F8AEE51}.Release|Any CPU.ActiveCfg = Release|Any CPU
		{6EF511D8-C34C-4463-9056-1C888F8AEE51}.Release|Any CPU.Build.0 = Release|Any CPU
		{D084ED0A-4B6E-451E-847A-C5588CB5F6DB}.Debug|Any CPU.ActiveCfg = Debug|Any CPU
		{D084ED0A-4B6E-451E-847A-C5588CB5F6DB}.Debug|Any CPU.Build.0 = Debug|Any CPU
		{D084ED0A-4B6E-451E-847A-C5588CB5F6DB}.Release|Any CPU.ActiveCfg = Release|Any CPU
		{D084ED0A-4B6E-451E-847A-C5588CB5F6DB}.Release|Any CPU.Build.0 = Release|Any CPU
		{48AED59B-7F34-4AD7-B58B-9E1DAA1BB377}.Debug|Any CPU.ActiveCfg = Debug|Any CPU
		{48AED59B-7F34-4AD7-B58B-9E1DAA1BB377}.Debug|Any CPU.Build.0 = Debug|Any CPU
		{48AED59B-7F34-4AD7-B58B-9E1DAA1BB377}.Release|Any CPU.ActiveCfg = Release|Any CPU
		{48AED59B-7F34-4AD7-B58B-9E1DAA1BB377}.Release|Any CPU.Build.0 = Release|Any CPU
	EndGlobalSection
	GlobalSection(SolutionProperties) = preSolution
		HideSolutionNode = FALSE
	EndGlobalSection
	GlobalSection(ExtensibilityGlobals) = postSolution
		SolutionGuid = {C1B3482A-D20A-46DB-8636-B67DBD37E913}
	EndGlobalSection
EndGlobal
